
Microsoft Visual Studio Solution File, Format Version 12.00
# Visual Studio Version 17
VisualStudioVersion = 17.9.34310.174
MinimumVisualStudioVersion = 10.0.40219.1
Project("{FAE04EC0-301F-11D3-BF4B-00C04F79EFBC}") = "BlazorWasm.Maps", "BlazorWasm.Maps\BlazorWasm.Maps.csproj", "{B3F4459C-1E05-4342-901C-EDEEA644833B}"
EndProject
Global
	GlobalSection(SolutionConfigurationPlatforms) = preSolution
		Debug|Any CPU = Debug|Any CPU
		Release|Any CPU = Release|Any CPU
	EndGlobalSection
	GlobalSection(ProjectConfigurationPlatforms) = postSolution
		{B3F4459C-1E05-4342-901C-EDEEA644833B}.Debug|Any CPU.ActiveCfg = Debug|Any CPU
		{B3F4459C-1E05-4342-901C-EDEEA644833B}.Debug|Any CPU.Build.0 = Debug|Any CPU
		{B3F4459C-1E05-4342-901C-EDEEA644833B}.Release|Any CPU.ActiveCfg = Release|Any CPU
		{B3F4459C-1E05-4342-901C-EDEEA644833B}.Release|Any CPU.Build.0 = Release|Any CPU
	EndGlobalSection
	GlobalSection(SolutionProperties) = preSolution
		HideSolutionNode = FALSE
	EndGlobalSection
	GlobalSection(ExtensibilityGlobals) = postSolution
		SolutionGuid = {3DA66544-83A2-475F-BC72-5BE2492247AD}
	EndGlobalSection
EndGlobal
